# THIS IS AN AUTOGENERATED FILE. DO NOT EDIT THIS FILE DIRECTLY.
# yarn lockfile v1


"@eremziom/id-generator@^1.0.0":
  version "1.0.0"
  resolved "https://registry.yarnpkg.com/@eremziom/id-generator/-/id-generator-1.0.0.tgz#5b40a1e3ce45931b3c1823575cad8575ee34d3a6"
  integrity sha512-H1iDykWDP9nrQ24DngfAnsmloRwWaH2VSm6fEFclU0QIZv6UN8GOZLxmC39bRyfUEtViLaSfQat5ka06XuCQ2w==
